<?xml version="1.0" encoding="utf-8"?>
<Project ToolsVersion="4.0" xmlns="http://schemas.microsoft.com/developer/msbuild/2003">
  <ItemGroup>
    <Filter Include="Arquivos de Origem">
      <UniqueIdentifier>{4FC737F1-C7A5-4376-A066-2A32D752A2FF}</UniqueIdentifier>
      <Extensions>cpp;c;cc;cxx;c++;cppm;ixx;def;odl;idl;hpj;bat;asm;asmx</Extensions>
    </Filter>
    <Filter Include="Arquivos de Cabeçalho">
      <UniqueIdentifier>{93995380-89BD-4b04-88EB-625FBE52EBFB}</UniqueIdentifier>
      <Extensions>h;hh;hpp;hxx;h++;hm;inl;inc;ipp;xsd</Extensions>
    </Filter>
    <Filter Include="Arquivos de Recurso">
      <UniqueIdentifier>{67DA6AB6-F800-4c08-8B7A-83BB121AAD01}</UniqueIdentifier>
      <Extensions>rc;ico;cur;bmp;dlg;rc2;rct;bin;rgs;gif;jpg;jpeg;jpe;resx;tiff;tif;png;wav;mfcribbon-ms</Extensions>
    </Filter>
    <Filter Include="ENTITIES">
      <UniqueIdentifier>{7166865c-4567-436d-a9d4-5d924235ac07}</UniqueIdentifier>
    </Filter>
    <Filter Include="ENTITIES\CHARACTERS">
      <UniqueIdentifier>{997c9bde-f9f4-4f53-a2a2-54f6bb4ebab0}</UniqueIdentifier>
    </Filter>
    <Filter Include="LISTS">
      <UniqueIdentifier>{2723fa28-d972-44ec-b027-352b83ae73b8}</UniqueIdentifier>
    </Filter>
    <Filter Include="MANAGERS">
      <UniqueIdentifier>{e0edf7ea-c91b-401c-9981-55f56218dc1d}</UniqueIdentifier>
    </Filter>
    <Filter Include="PRINCIPAL">
      <UniqueIdentifier>{003063d1-b25f-4603-bb71-e2632ae0bb37}</UniqueIdentifier>
    </Filter>
    <Filter Include="PHASE">
      <UniqueIdentifier>{c5bb84cc-bb90-42b4-a7c0-0fc02d394618}</UniqueIdentifier>
    </Filter>
    <Filter Include="STATES">
      <UniqueIdentifier>{62d39d4f-6882-4ec3-a99a-dc55ca975689}</UniqueIdentifier>
    </Filter>
  </ItemGroup>
  <ItemGroup>
    <ClCompile Include="Game.cpp">
      <Filter>PRINCIPAL</Filter>
    </ClCompile>
    <ClCompile Include="main.cpp">
      <Filter>PRINCIPAL</Filter>
    </ClCompile>
    <ClCompile Include="AnimationManager.cpp">
      <Filter>MANAGERS</Filter>
    </ClCompile>
    <ClCompile Include="Collider.cpp">
      <Filter>MANAGERS</Filter>
    </ClCompile>
    <ClCompile Include="GraphicsManager.cpp">
      <Filter>MANAGERS</Filter>
    </ClCompile>
    <ClCompile Include="SwordAttack.cpp">
      <Filter>MANAGERS</Filter>
    </ClCompile>
    <ClCompile Include="PlatformList.cpp">
      <Filter>LISTS</Filter>
    </ClCompile>
    <ClCompile Include="Character.cpp">
      <Filter>ENTITIES\CHARACTERS</Filter>
    </ClCompile>
    <ClCompile Include="Enemy.cpp">
      <Filter>ENTITIES\CHARACTERS</Filter>
    </ClCompile>
    <ClCompile Include="Player.cpp">
      <Filter>ENTITIES\CHARACTERS</Filter>
    </ClCompile>
    <ClCompile Include="Entity.cpp">
      <Filter>ENTITIES</Filter>
    </ClCompile>
    <ClCompile Include="Platform.cpp">
      <Filter>ENTITIES</Filter>
    </ClCompile>
    <ClCompile Include="Phase.cpp">
      <Filter>PHASE</Filter>
    </ClCompile>
    <ClCompile Include="EnemyProjectile.cpp">
      <Filter>ENTITIES\CHARACTERS</Filter>
    </ClCompile>
    <ClCompile Include="EntitiesList.cpp">
      <Filter>LISTS</Filter>
    </ClCompile>
    <ClCompile Include="Projectile.cpp">
      <Filter>ENTITIES</Filter>
    </ClCompile>
    <ClCompile Include="State.cpp">
      <Filter>STATES</Filter>
    </ClCompile>
    <ClCompile Include="MainMenuState.cpp">
      <Filter>STATES</Filter>
    </ClCompile>
    <ClCompile Include="NewGameState.cpp">
      <Filter>STATES</Filter>
    </ClCompile>
    <ClCompile Include="PlayingState.cpp">
      <Filter>STATES</Filter>
    </ClCompile>
    <ClCompile Include="PauseState.cpp">
      <Filter>STATES</Filter>
    </ClCompile>
    <ClCompile Include="Button.cpp">
      <Filter>MANAGERS</Filter>
    </ClCompile>
    <ClCompile Include="Boss.cpp">
      <Filter>Arquivos de Origem</Filter>
    </ClCompile>
  </ItemGroup>
  <ItemGroup>
    <ClInclude Include="Game.h">
      <Filter>PRINCIPAL</Filter>
    </ClInclude>
    <ClInclude Include="Collider.h">
      <Filter>MANAGERS</Filter>
    </ClInclude>
    <ClInclude Include="AnimationManager.h">
      <Filter>MANAGERS</Filter>
    </ClInclude>
    <ClInclude Include="GraphicsManager.h">
      <Filter>MANAGERS</Filter>
    </ClInclude>
    <ClInclude Include="SwordAttack.h">
      <Filter>MANAGERS</Filter>
    </ClInclude>
    <ClInclude Include="List.h">
      <Filter>LISTS</Filter>
    </ClInclude>
    <ClInclude Include="PlatformList.h">
      <Filter>LISTS</Filter>
    </ClInclude>
    <ClInclude Include="Character.h">
      <Filter>ENTITIES\CHARACTERS</Filter>
    </ClInclude>
    <ClInclude Include="Enemy.h">
      <Filter>ENTITIES\CHARACTERS</Filter>
    </ClInclude>
    <ClInclude Include="Entity.h">
      <Filter>ENTITIES</Filter>
    </ClInclude>
    <ClInclude Include="Player.h">
      <Filter>ENTITIES\CHARACTERS</Filter>
    </ClInclude>
    <ClInclude Include="Platform.h">
      <Filter>ENTITIES</Filter>
    </ClInclude>
    <ClInclude Include="Phase.h">
      <Filter>PHASE</Filter>
    </ClInclude>
    <ClInclude Include="EnemyProjectile.h">
      <Filter>ENTITIES\CHARACTERS</Filter>
    </ClInclude>
    <ClInclude Include="EntitiesList.h">
      <Filter>LISTS</Filter>
    </ClInclude>
    <ClInclude Include="Projectile.h">
      <Filter>ENTITIES</Filter>
    </ClInclude>
    <ClInclude Include="State.h">
      <Filter>STATES</Filter>
    </ClInclude>
    <ClInclude Include="MainMenuState.h">
      <Filter>STATES</Filter>
    </ClInclude>
    <ClInclude Include="NewGameState.h">
      <Filter>STATES</Filter>
    </ClInclude>
    <ClInclude Include="PlayingState.h">
      <Filter>STATES</Filter>
    </ClInclude>
    <ClInclude Include="PauseState.h">
      <Filter>STATES</Filter>
    </ClInclude>
    <ClInclude Include="Button.h">
      <Filter>MANAGERS</Filter>
    </ClInclude>
    <ClInclude Include="Boss.h">
      <Filter>Arquivos de Cabeçalho</Filter>
    </ClInclude>
  </ItemGroup>
</Project>